{
  "version": "5",
  "specifiers": {
    "jsr:@brad-jones/deno-config@1": "1.0.0",
    "jsr:@brad-jones/deno-net-container@0.4": "0.4.0",
    "jsr:@brad-jones/jsr-dynamic-imports@~0.1.1": "0.1.2",
    "jsr:@brad-jones/terraform-provider-denobridge@0.3": "0.3.0",
    "jsr:@cliffy/ansi@1.0.0": "1.0.0",
    "jsr:@cliffy/command@1.0.0": "1.0.0",
    "jsr:@cliffy/flags@1.0.0": "1.0.0",
    "jsr:@cliffy/internal@1.0.0": "1.0.0",
    "jsr:@cliffy/keycode@1.0.0": "1.0.0",
    "jsr:@cliffy/prompt@1": "1.0.0",
    "jsr:@cliffy/table@1.0.0": "1.0.0",
    "jsr:@core/unknownutil@^4.3.0": "4.3.0",
    "jsr:@cspotcode/outdent@0.8": "0.8.0",
    "jsr:@david/console-static-text@0.3": "0.3.0",
    "jsr:@david/dax@0.45": "0.45.0",
    "jsr:@david/path@0.2": "0.2.0",
    "jsr:@david/which@~0.4.1": "0.4.1",
    "jsr:@deno-library/progress@^1.5.1": "1.5.1",
    "jsr:@deno/cache-dir@~0.13.2": "0.13.2",
    "jsr:@deno/graph@~0.96.2": "0.96.2",
    "jsr:@hono/hono@^4.11.9": "4.11.9",
    "jsr:@lambdalisue/import-map-importer@~0.5.1": "0.5.1",
    "jsr:@mesqueeb/case-anything@^3.1.0": "3.1.0",
    "jsr:@std/assert@0.223": "0.223.0",
    "jsr:@std/assert@^1.0.14": "1.0.18",
    "jsr:@std/assert@^1.0.18": "1.0.18",
    "jsr:@std/bytes@0.223": "0.223.0",
    "jsr:@std/bytes@^1.0.2": "1.0.6",
    "jsr:@std/bytes@^1.0.6": "1.0.6",
    "jsr:@std/crypto@^1.0.5": "1.0.5",
    "jsr:@std/encoding@^1.0.10": "1.0.10",
    "jsr:@std/expect@^1.0.17": "1.0.17",
    "jsr:@std/fmt@0.223": "0.223.0",
    "jsr:@std/fmt@1": "1.0.9",
    "jsr:@std/fmt@1.0.3": "1.0.3",
    "jsr:@std/fmt@^1.0.9": "1.0.9",
    "jsr:@std/fs@0.223": "0.223.0",
    "jsr:@std/fs@1": "1.0.22",
    "jsr:@std/fs@^1.0.1": "1.0.22",
    "jsr:@std/fs@^1.0.19": "1.0.22",
    "jsr:@std/fs@^1.0.22": "1.0.22",
    "jsr:@std/internal@^1.0.10": "1.0.12",
    "jsr:@std/internal@^1.0.12": "1.0.12",
    "jsr:@std/io@0.223": "0.223.0",
    "jsr:@std/io@0.225": "0.225.0",
    "jsr:@std/io@0.225.0": "0.225.0",
    "jsr:@std/path@0.223": "0.223.0",
    "jsr:@std/path@1": "1.1.4",
    "jsr:@std/path@^1.0.1": "1.1.4",
    "jsr:@std/path@^1.1.2": "1.1.4",
    "jsr:@std/path@^1.1.4": "1.1.4",
    "jsr:@std/semver@^1.0.8": "1.0.8",
    "jsr:@std/streams@^1.0.17": "1.0.17",
    "jsr:@std/text@^1.0.17": "1.0.17",
    "jsr:@yieldray/json-rpc-ts@~0.2.2": "0.2.2",
    "jsr:@zip-js/zip-js@^2.8.20": "2.8.20",
    "jsr:@zod/zod@^4.1.12": "4.3.6",
    "jsr:@zod/zod@^4.3.6": "4.3.6",
    "npm:@brad-jones/jsr-dynamic-imports@0.1.2": "0.1.2",
    "npm:@cdktf/hcl-tools@0.21": "0.21.0",
    "npm:ky@^1.14.3": "1.14.3",
    "npm:oxc-minify@0.112": "0.112.0"
  },
  "jsr": {
    "@brad-jones/deno-config@1.0.0": {
      "integrity": "f9164661d3c2b2e5e5dcf195b2baff96d2351f41b9c2e0ff243d39193842a69e",
      "dependencies": [
        "jsr:@brad-jones/deno-net-container",
        "jsr:@std/path@^1.1.2",
        "jsr:@zod/zod@^4.1.12"
      ]
    },
    "@brad-jones/deno-net-container@0.4.0": {
      "integrity": "fc6b649096e9980d694bdbc6731e31a2fcfbac71b0d11fd9a15b5e8a78cc3595",
      "dependencies": [
        "jsr:@brad-jones/jsr-dynamic-imports@~0.1.1",
        "jsr:@std/fs@^1.0.19"
      ]
    },
    "@brad-jones/jsr-dynamic-imports@0.1.2": {
      "integrity": "5e1da0bffe3ed4b8e9ca2cd2bb35c4508f94a711c77b1190f0190a29347b4b53",
      "dependencies": [
        "npm:@brad-jones/jsr-dynamic-imports@0.1.2"
      ]
    },
    "@brad-jones/terraform-provider-denobridge@0.3.0": {
      "integrity": "1411714a98762c38e5b461411034c9bbe5315c2eced73a9c6905606a30b7c9e1",
      "dependencies": [
        "jsr:@std/streams",
        "jsr:@yieldray/json-rpc-ts"
      ]
    },
    "@cliffy/ansi@1.0.0": {
      "integrity": "987008f74e50aa72cc1517ffccc769711734a14927bc4599e052efe1b9a840e2",
      "dependencies": [
        "jsr:@cliffy/internal",
        "jsr:@std/encoding"
      ]
    },
    "@cliffy/command@1.0.0": {
      "integrity": "c52a241ea68857fcdaff4f3173eb404f8017d7bc35553b6f533c592b89dde7d2",
      "dependencies": [
        "jsr:@cliffy/flags",
        "jsr:@cliffy/internal",
        "jsr:@cliffy/table",
        "jsr:@std/fmt@^1.0.9",
        "jsr:@std/semver",
        "jsr:@std/text"
      ]
    },
    "@cliffy/flags@1.0.0": {
      "integrity": "8b57698adc644da8f90422d58976362d41a4ebca39c312ca1c101585d0148feb",
      "dependencies": [
        "jsr:@cliffy/internal",
        "jsr:@std/text"
      ]
    },
    "@cliffy/internal@1.0.0": {
      "integrity": "1e17ccbcd5420093c0a93e5b3827bbdc9abac5195bacf187edc44665e54bdde6"
    },
    "@cliffy/keycode@1.0.0": {
      "integrity": "755dbf007be110dcb5625f87eb61b362b6a0ca6835453af03ebd3b34d399cf14"
    },
    "@cliffy/prompt@1.0.0": {
      "integrity": "48b4cd35199fda7832f35e1fe0a3e8bc2b1ea49ba57b4ec0e29e22db44e8ca9f",
      "dependencies": [
        "jsr:@cliffy/ansi",
        "jsr:@cliffy/internal",
        "jsr:@cliffy/keycode",
        "jsr:@std/assert@^1.0.18",
        "jsr:@std/fmt@^1.0.9",
        "jsr:@std/path@^1.1.4",
        "jsr:@std/text"
      ]
    },
    "@cliffy/table@1.0.0": {
      "integrity": "3fdaa9e1ef1ea62022108adabd826932bdea8dd05497079896febcd41322907f",
      "dependencies": [
        "jsr:@std/fmt@^1.0.9"
      ]
    },
    "@core/unknownutil@4.3.0": {
      "integrity": "538a3687ffa81028e91d148818047df219663d0da671d906cecd165581ae55cc"
    },
    "@cspotcode/outdent@0.8.0": {
      "integrity": "bbb3dea1443b4191a091644dfeaf3f182cca83e9003d211c50786c21792695f6"
    },
    "@david/console-static-text@0.3.0": {
      "integrity": "2dfb46ecee525755f7989f94ece30bba85bd8ffe3e8666abc1bf926e1ee0698d"
    },
    "@david/dax@0.45.0": {
      "integrity": "ac7565dc5c3e5be953a18b505e5dd0d8a30ed53656b65fd34a53bd8d2d5d6b1e",
      "dependencies": [
        "jsr:@david/console-static-text",
        "jsr:@david/path",
        "jsr:@david/which",
        "jsr:@std/fmt@1",
        "jsr:@std/fs@1",
        "jsr:@std/io@0.225",
        "jsr:@std/path@1"
      ]
    },
    "@david/path@0.2.0": {
      "integrity": "f2d7aa7f02ce5a55e27c09f9f1381794acb09d328f8d3c8a2e3ab3ffc294dccd",
      "dependencies": [
        "jsr:@std/fs@1",
        "jsr:@std/path@1"
      ]
    },
    "@david/which@0.4.1": {
      "integrity": "896a682b111f92ab866cc70c5b4afab2f5899d2f9bde31ed00203b9c250f225e"
    },
    "@deno-library/progress@1.5.1": {
      "integrity": "966611826b8bb27baae73ab1c4fa4317cd4edd2abb99750cd6f8488d22d5b121",
      "dependencies": [
        "jsr:@std/fmt@1.0.3",
        "jsr:@std/io@0.225.0"
      ]
    },
    "@deno/cache-dir@0.13.2": {
      "integrity": "c22419dfe27ab85f345bee487aaaadba498b005cce3644e9d2528db035c5454d",
      "dependencies": [
        "jsr:@std/fmt@0.223",
        "jsr:@std/fs@0.223",
        "jsr:@std/io@0.223",
        "jsr:@std/path@0.223"
      ]
    },
    "@deno/graph@0.96.2": {
      "integrity": "db21e52fc5b2850cc5fe92528f4f84dd460c5e40678a6bd23ece5c9c53193090"
    },
    "@hono/hono@4.11.9": {
      "integrity": "c82c6b846abc3c1879d921d8365287d77cdef8073019f509ff80bf53033bdcba"
    },
    "@lambdalisue/import-map-importer@0.5.1": {
      "integrity": "e4822500c8619c5cead6003e502d872eaec9d2216b01c72790933996e7ddf696",
      "dependencies": [
        "jsr:@core/unknownutil",
        "jsr:@deno/cache-dir",
        "jsr:@deno/graph",
        "jsr:@std/crypto",
        "jsr:@std/fs@^1.0.1",
        "jsr:@std/path@^1.0.1"
      ]
    },
    "@mesqueeb/case-anything@3.1.0": {
      "integrity": "0e463b752f95dbdfa42c97b0e60911170fd8206508522fffc23a9e83d63bb4c2"
    },
    "@std/assert@0.223.0": {
      "integrity": "eb8d6d879d76e1cc431205bd346ed4d88dc051c6366365b1af47034b0670be24"
    },
    "@std/assert@1.0.18": {
      "integrity": "270245e9c2c13b446286de475131dc688ca9abcd94fc5db41d43a219b34d1c78",
      "dependencies": [
        "jsr:@std/internal@^1.0.12"
      ]
    },
    "@std/bytes@0.223.0": {
      "integrity": "84b75052cd8680942c397c2631318772b295019098f40aac5c36cead4cba51a8"
    },
    "@std/bytes@1.0.6": {
      "integrity": "f6ac6adbd8ccd99314045f5703e23af0a68d7f7e58364b47d2c7f408aeb5820a"
    },
    "@std/crypto@1.0.5": {
      "integrity": "0dcfbb319fe0bba1bd3af904ceb4f948cde1b92979ec1614528380ed308a3b40"
    },
    "@std/encoding@1.0.10": {
      "integrity": "8783c6384a2d13abd5e9e87a7ae0520a30e9f56aeeaa3bdf910a3eaaf5c811a1"
    },
    "@std/expect@1.0.17": {
      "integrity": "316b47dd65c33e3151344eb3267bf42efba17d1415425f07ed96185d67fc04d9",
      "dependencies": [
        "jsr:@std/assert@^1.0.14",
        "jsr:@std/internal@^1.0.10"
      ]
    },
    "@std/fmt@0.223.0": {
      "integrity": "6deb37794127dfc7d7bded2586b9fc6f5d50e62a8134846608baf71ffc1a5208"
    },
    "@std/fmt@1.0.3": {
      "integrity": "97765c16aa32245ff4e2204ecf7d8562496a3cb8592340a80e7e554e0bb9149f"
    },
    "@std/fmt@1.0.9": {
      "integrity": "2487343e8899fb2be5d0e3d35013e54477ada198854e52dd05ed0422eddcabe0"
    },
    "@std/fs@0.223.0": {
      "integrity": "3b4b0550b2c524cbaaa5a9170c90e96cbb7354e837ad1bdaf15fc9df1ae9c31c"
    },
    "@std/fs@1.0.22": {
      "integrity": "de0f277a58a867147a8a01bc1b181d0dfa80bfddba8c9cf2bacd6747bcec9308",
      "dependencies": [
        "jsr:@std/internal@^1.0.12",
        "jsr:@std/path@^1.1.4"
      ]
    },
    "@std/internal@1.0.12": {
      "integrity": "972a634fd5bc34b242024402972cd5143eac68d8dffaca5eaa4dba30ce17b027"
    },
    "@std/io@0.223.0": {
      "integrity": "2d8c3c2ab3a515619b90da2c6ff5ea7b75a94383259ef4d02116b228393f84f1",
      "dependencies": [
        "jsr:@std/assert@0.223",
        "jsr:@std/bytes@0.223"
      ]
    },
    "@std/io@0.225.0": {
      "integrity": "c1db7c5e5a231629b32d64b9a53139445b2ca640d828c26bf23e1c55f8c079b3",
      "dependencies": [
        "jsr:@std/bytes@^1.0.2"
      ]
    },
    "@std/path@0.223.0": {
      "integrity": "593963402d7e6597f5a6e620931661053572c982fc014000459edc1f93cc3989",
      "dependencies": [
        "jsr:@std/assert@0.223"
      ]
    },
    "@std/path@1.1.4": {
      "integrity": "1d2d43f39efb1b42f0b1882a25486647cb851481862dc7313390b2bb044314b5",
      "dependencies": [
        "jsr:@std/internal@^1.0.12"
      ]
    },
    "@std/semver@1.0.8": {
      "integrity": "dc830e8b8b6a380c895d53fbfd1258dc253704ca57bbe1629ac65fd7830179b7"
    },
    "@std/streams@1.0.17": {
      "integrity": "7859f3d9deed83cf4b41f19223d4a67661b3d3819e9fc117698f493bf5992140",
      "dependencies": [
        "jsr:@std/bytes@^1.0.6"
      ]
    },
    "@std/text@1.0.17": {
      "integrity": "4b2c4ef67ae5b6c1dfd447c81c83a43718f52e3c7e748d8b33f694aba9895f95"
    },
    "@yieldray/json-rpc-ts@0.2.2": {
      "integrity": "9bc60205c01ab7d629ebacade690dd02094011ad9eb9e5fb13f4debb85a891f3"
    },
    "@zip-js/zip-js@2.8.20": {
      "integrity": "64bbc8b46777e1369dd258852c2244083a413a1e7cba3a7bf27a99cc88d3b860"
    },
    "@zod/zod@4.3.6": {
      "integrity": "7144e5e11f8ffc3cf6e2fca624f6597a8762898aac9868cc8938e9398b96ffe4"
    }
  },
  "npm": {
    "@brad-jones/jsr-dynamic-imports@0.1.2": {
      "integrity": "sha512-hGH7/BVS1gRxj3H8rsHEs+Qe+kWrsfgXz2yQKXlXE/OniD+/CrBdCbUGaE/USwjQDkdeo8BHXVZhu1sKfQ5YuA=="
    },
    "@cdktf/hcl-tools@0.21.0": {
      "integrity": "sha512-V90J/2a0qKRDWBZ/pCUJI3P/iW3SG98F+qkBprGNLVZ5VuP4OSI1NYyv1qeeLC7tWyWHjj3v876lXMvXq1kVgw==",
      "dependencies": [
        "fs-extra"
      ]
    },
    "@emnapi/core@1.8.1": {
      "integrity": "sha512-AvT9QFpxK0Zd8J0jopedNm+w/2fIzvtPKPjqyw9jwvBaReTTqPBk9Hixaz7KbjimP+QNz605/XnjFcDAL2pqBg==",
      "dependencies": [
        "@emnapi/wasi-threads",
        "tslib"
      ]
    },
    "@emnapi/runtime@1.8.1": {
      "integrity": "sha512-mehfKSMWjjNol8659Z8KxEMrdSJDDot5SXMq00dM8BN4o+CLNXQ0xH2V7EchNHV4RmbZLmmPdEaXZc5H2FXmDg==",
      "dependencies": [
        "tslib"
      ]
    },
    "@emnapi/wasi-threads@1.1.0": {
      "integrity": "sha512-WI0DdZ8xFSbgMjR1sFsKABJ/C5OnRrjT06JXbZKexJGrDuPTzZdDYfFlsgcCXCyf+suG5QU2e/y1Wo2V/OapLQ==",
      "dependencies": [
        "tslib"
      ]
    },
    "@napi-rs/wasm-runtime@1.1.1": {
      "integrity": "sha512-p64ah1M1ld8xjWv3qbvFwHiFVWrq1yFvV4f7w+mzaqiR4IlSgkqhcRdHwsGgomwzBH51sRY4NEowLxnaBjcW/A==",
      "dependencies": [
        "@emnapi/core",
        "@emnapi/runtime",
        "@tybys/wasm-util"
      ]
    },
    "@oxc-minify/binding-android-arm-eabi@0.112.0": {
      "integrity": "sha512-m7TGBR2hjsBJIN9UJ909KBoKsuogo6CuLsHKvUIBXdjI0JVHP8g4ZHeB+BJpGn5LJdeSGDfz9MWiuXrZDRzunw==",
      "os": ["android"],
      "cpu": ["arm"]
    },
    "@oxc-minify/binding-android-arm64@0.112.0": {
      "integrity": "sha512-RvxOOkzvP5NeeoraBtgNJSBqO+XzlS7DooxST/drAXCfO52GsmxVB1N7QmifrsTYtH8GC2z3DTFjZQ1w/AJOWg==",
      "os": ["android"],
      "cpu": ["arm64"]
    },
    "@oxc-minify/binding-darwin-arm64@0.112.0": {
      "integrity": "sha512-hDslO3uVHza3kB9zkcsi25JzN65Gj5ZYty0OvylS11Mhg9ydCYxAzfQ/tISHW/YmV1NRUJX8+GGqM1cKmrHaTA==",
      "os": ["darwin"],
      "cpu": ["arm64"]
    },
    "@oxc-minify/binding-darwin-x64@0.112.0": {
      "integrity": "sha512-mWA2Y5bUyNoGM+gSGGHesgtQ3LDWgpRe4zDGkBDovxNIiDLBXqu/7QcuS+G918w8oG9VYm1q1iinILer/2pD1Q==",
      "os": ["darwin"],
      "cpu": ["x64"]
    },
    "@oxc-minify/binding-freebsd-x64@0.112.0": {
      "integrity": "sha512-T7fsegxcy82xS0jWPXkz/BMhrkb3D7YOCiV0R9pDksjaov+iIFoNEWAoBsaC5NtpdzkX+bmffwDpu336EIfEeg==",
      "os": ["freebsd"],
      "cpu": ["x64"]
    },
    "@oxc-minify/binding-linux-arm-gnueabihf@0.112.0": {
      "integrity": "sha512-yePavbIilAcpVYc8vRsDCn3xJxHMXDZIiamyH9fuLosAHNELcLib4/JR4fhDk4NmHVagQH3kRhsnm5Q9cm3pAw==",
      "os": ["linux"],
      "cpu": ["arm"]
    },
    "@oxc-minify/binding-linux-arm-musleabihf@0.112.0": {
      "integrity": "sha512-lmPWLXtW6FspERhy97iP0hwbmLtL66xI29QQ9GpHmTiE4k+zv/FaefuV/Qw+LuHnmFSYzUNrLcxh4ulOZTIP2g==",
      "os": ["linux"],
      "cpu": ["arm"]
    },
    "@oxc-minify/binding-linux-arm64-gnu@0.112.0": {
      "integrity": "sha512-gySS5XqU5MKs/oCjsTlVm8zb8lqcNKHEANsaRmhW2qvGKJoeGwFb6Fbq6TLCZMRuk143mLbncbverBCa1c3dog==",
      "os": ["linux"],
      "cpu": ["arm64"]
    },
    "@oxc-minify/binding-linux-arm64-musl@0.112.0": {
      "integrity": "sha512-IRFMZX589lr3rjG0jc8N261/7wqFq2Vl0OMrJWeFls5BF8HiB+fRYuf0Zy2CyRH6NCY2vbdDdp+QCAavQGVsGw==",
      "os": ["linux"],
      "cpu": ["arm64"]
    },
    "@oxc-minify/binding-linux-ppc64-gnu@0.112.0": {
      "integrity": "sha512-V/69XqIW9hCUceDpcZh79oDg+F4ptEgIfKRENzYs41LRbSoJ7sNjjcW4zifqyviTvzcnXLgK4uoTyoymmNZBMQ==",
      "os": ["linux"],
      "cpu": ["ppc64"]
    },
    "@oxc-minify/binding-linux-riscv64-gnu@0.112.0": {
      "integrity": "sha512-zghvexySyGXGNW+MutjZN7UGTyOQl56RWMlPe1gb+knBm/+0hf9qjk7Q6ofm2tSte+vQolPfQttifGl0dP9uvQ==",
      "os": ["linux"],
      "cpu": ["riscv64"]
    },
    "@oxc-minify/binding-linux-riscv64-musl@0.112.0": {
      "integrity": "sha512-E4a8VUFDJPb2mPcc7J4NQQPi1ssHKF7/g4r6KD2+SBVERIaEEd3cGNqR7SG3g82/BLGV2UDoQe/WvZCkt5M/bQ==",
      "os": ["linux"],
      "cpu": ["riscv64"]
    },
    "@oxc-minify/binding-linux-s390x-gnu@0.112.0": {
      "integrity": "sha512-2Hx87sK3y6jBV364Mvv0zyxiITIuy26Ixenv6pK7e+4an3HgNdhAj8nk3aLoLTTSvLik5/MaGhcZGEu9tYV1aA==",
      "os": ["linux"],
      "cpu": ["s390x"]
    },
    "@oxc-minify/binding-linux-x64-gnu@0.112.0": {
      "integrity": "sha512-2MSCnEPLk9ddSouMhJo78Xy2/JbYC80OYzWdR4yWTGSULsgH3d1VXg73DSwFL8vU7Ad9oK10DioBY2ww7sQTEg==",
      "os": ["linux"],
      "cpu": ["x64"]
    },
    "@oxc-minify/binding-linux-x64-musl@0.112.0": {
      "integrity": "sha512-HAPfmQKlkVi97/zRonVE9t/kKUG3ni+mOuU1Euw+3s37KwUuOJjmcwXdclVgXKBlTkCGO0FajPwW5dAJeIXCCw==",
      "os": ["linux"],
      "cpu": ["x64"]
    },
    "@oxc-minify/binding-openharmony-arm64@0.112.0": {
      "integrity": "sha512-bLnMojcPadYzMNpB6IAqMiTOag4etc0zbs8On73JsotO1W5c5/j/ncplpSokpEpNasKRUpHVRXpmq0KRXprNhw==",
      "os": ["openharmony"],
      "cpu": ["arm64"]
    },
    "@oxc-minify/binding-wasm32-wasi@0.112.0": {
      "integrity": "sha512-tv7PmHYq/8QBlqMaDjsy51GF5KQkG17Yc/PsgB5OVndU34kwbQuebBIic7UfK9ygzidI8moYq3ztnu3za/rqHw==",
      "dependencies": [
        "@napi-rs/wasm-runtime"
      ],
      "cpu": ["wasm32"]
    },
    "@oxc-minify/binding-win32-arm64-msvc@0.112.0": {
      "integrity": "sha512-d+jes2jwRkcBSpcaZC6cL8GBi56Br6uAorn9dfquhWLczWL+hHSvvVrRgT1i5/6dkf5UWx2zdoEsAMiJ11w78A==",
      "os": ["win32"],
      "cpu": ["arm64"]
    },
    "@oxc-minify/binding-win32-ia32-msvc@0.112.0": {
      "integrity": "sha512-TV1C3qDwj7//jNIi5tnNRhReSUgtaRQKi5KobDE6zVAc5gjeuBA8G2qizS9ziXlf/I0dlelrGmGMMDJmH9ekWg==",
      "os": ["win32"],
      "cpu": ["ia32"]
    },
    "@oxc-minify/binding-win32-x64-msvc@0.112.0": {
      "integrity": "sha512-LML2Gld6VY8/+7a3VH4k1qngsBXvTkXgbmYgSYwaElqtiQiYaAcXfi0XKOUGe3k3GbBK4juAGixC31CrdFHAQw==",
      "os": ["win32"],
      "cpu": ["x64"]
    },
    "@tybys/wasm-util@0.10.1": {
      "integrity": "sha512-9tTaPJLSiejZKx+Bmog4uSubteqTvFrVrURwkmHixBo0G4seD0zUxp98E1DzUBJxLQ3NPwXrGKDiVjwx/DpPsg==",
      "dependencies": [
        "tslib"
      ]
    },
    "fs-extra@11.3.3": {
      "integrity": "sha512-VWSRii4t0AFm6ixFFmLLx1t7wS1gh+ckoa84aOeapGum0h+EZd1EhEumSB+ZdDLnEPuucsVB9oB7cxJHap6Afg==",
      "dependencies": [
        "graceful-fs",
        "jsonfile",
        "universalify"
      ]
    },
    "graceful-fs@4.2.11": {
      "integrity": "sha512-RbJ5/jmFcNNCcDV5o9eTnBLJ/HszWV0P73bc+Ff4nS/rJj+YaS6IGyiOL0VoBYX+l1Wrl3k63h/KrH+nhJ0XvQ=="
    },
    "jsonfile@6.2.0": {
      "integrity": "sha512-FGuPw30AdOIUTRMC2OMRtQV+jkVj2cfPqSeWXv1NEAJ1qZ5zb1X6z1mFhbfOB/iy3ssJCD+3KuZ8r8C3uVFlAg==",
      "dependencies": [
        "universalify"
      ],
      "optionalDependencies": [
        "graceful-fs"
      ]
    },
    "ky@1.14.3": {
      "integrity": "sha512-9zy9lkjac+TR1c2tG+mkNSVlyOpInnWdSMiue4F+kq8TwJSgv6o8jhLRg8Ho6SnZ9wOYUq/yozts9qQCfk7bIw=="
    },
    "oxc-minify@0.112.0": {
      "integrity": "sha512-rkVSeeIRSt+RYI9uX6xonBpLUpvZyegxIg0UL87ev7YAfUqp7IIZlRjkgQN5Us1lyXD//TOo0Dcuuro/TYOWoQ==",
      "optionalDependencies": [
        "@oxc-minify/binding-android-arm-eabi",
        "@oxc-minify/binding-android-arm64",
        "@oxc-minify/binding-darwin-arm64",
        "@oxc-minify/binding-darwin-x64",
        "@oxc-minify/binding-freebsd-x64",
        "@oxc-minify/binding-linux-arm-gnueabihf",
        "@oxc-minify/binding-linux-arm-musleabihf",
        "@oxc-minify/binding-linux-arm64-gnu",
        "@oxc-minify/binding-linux-arm64-musl",
        "@oxc-minify/binding-linux-ppc64-gnu",
        "@oxc-minify/binding-linux-riscv64-gnu",
        "@oxc-minify/binding-linux-riscv64-musl",
        "@oxc-minify/binding-linux-s390x-gnu",
        "@oxc-minify/binding-linux-x64-gnu",
        "@oxc-minify/binding-linux-x64-musl",
        "@oxc-minify/binding-openharmony-arm64",
        "@oxc-minify/binding-wasm32-wasi",
        "@oxc-minify/binding-win32-arm64-msvc",
        "@oxc-minify/binding-win32-ia32-msvc",
        "@oxc-minify/binding-win32-x64-msvc"
      ]
    },
    "tslib@2.8.1": {
      "integrity": "sha512-oJFu94HQb+KVduSUQL7wnpmqnfmLsOA/nAh6b6EH0wCEoK0/mPeXU6c3wKDV83MkOuHPRHtSXKKU99IBazS/2w=="
    },
    "universalify@2.0.1": {
      "integrity": "sha512-gptHNQghINnc/vTGIk0SOFGFNXw7JVrlRUtConJRlvaw6DuX0wO5Jeko9sWrMBhh+PsYAZ7oXAiOnf/UKogyiw=="
    }
  },
  "workspace": {
    "dependencies": [
      "jsr:@brad-jones/deno-config@1",
      "jsr:@brad-jones/terraform-provider-denobridge@0.3",
      "jsr:@cliffy/command@1.0.0",
      "jsr:@cliffy/prompt@1",
      "jsr:@cspotcode/outdent@0.8",
      "jsr:@david/dax@0.45",
      "jsr:@deno-library/progress@^1.5.1",
      "jsr:@hono/hono@^4.11.9",
      "jsr:@lambdalisue/import-map-importer@~0.5.1",
      "jsr:@mesqueeb/case-anything@^3.1.0",
      "jsr:@std/assert@^1.0.18",
      "jsr:@std/encoding@^1.0.10",
      "jsr:@std/expect@^1.0.17",
      "jsr:@std/fs@^1.0.22",
      "jsr:@std/path@^1.1.4",
      "jsr:@zip-js/zip-js@^2.8.20",
      "jsr:@zod/zod@^4.3.6",
      "npm:@cdktf/hcl-tools@0.21",
      "npm:ky@^1.14.3",
      "npm:oxc-minify@0.112"
    ]
  }
}
