version: 6
environments:
  default:
    channels:
    - url: https://prefix.dev/brads-forge/
    - url: https://conda.anaconda.org/conda-forge/
    options:
      pypi-prerelease-mode: if-necessary-or-explicit
    packages:
      linux-64:
      - conda: https://prefix.dev/brads-forge/linux-64/cocogitto-6.5.0-h81b34b9_2.conda
      - conda: https://prefix.dev/brads-forge/linux-64/deno-2.6.6-h81b34b9_4.conda
      - conda: https://prefix.dev/brads-forge/linux-64/dprint-0.51.1-h81b34b9_2.conda
      - conda: https://prefix.dev/brads-forge/linux-64/lefthook-2.0.15-h81b34b9_2.conda
      - conda: https://conda.anaconda.org/conda-forge/linux-64/opentofu-1.11.4-ha770c72_0.conda
      - conda: https://prefix.dev/brads-forge/linux-64/task-3.47.0-h81b34b9_2.conda
      - conda: https://conda.anaconda.org/conda-forge/linux-64/terraform-1.14.3-h76a2195_0.conda
      osx-64:
      - conda: https://prefix.dev/brads-forge/osx-64/cocogitto-6.5.0-he0f4bc8_2.conda
      - conda: https://prefix.dev/brads-forge/osx-64/deno-2.6.6-he0f4bc8_4.conda
      - conda: https://prefix.dev/brads-forge/osx-64/dprint-0.51.1-he0f4bc8_2.conda
      - conda: https://prefix.dev/brads-forge/osx-64/lefthook-2.0.15-he0f4bc8_2.conda
      - conda: https://conda.anaconda.org/conda-forge/osx-64/opentofu-1.11.4-h694c41f_0.conda
      - conda: https://prefix.dev/brads-forge/osx-64/task-3.47.0-he0f4bc8_2.conda
      - conda: https://conda.anaconda.org/conda-forge/osx-64/terraform-1.14.3-hfb6d0b5_0.conda
      osx-arm64:
      - conda: https://prefix.dev/brads-forge/osx-arm64/cocogitto-6.5.0-he8ea13f_2.conda
      - conda: https://prefix.dev/brads-forge/osx-arm64/deno-2.6.6-he8ea13f_4.conda
      - conda: https://prefix.dev/brads-forge/osx-arm64/dprint-0.51.1-he8ea13f_2.conda
      - conda: https://prefix.dev/brads-forge/osx-arm64/lefthook-2.0.15-he8ea13f_2.conda
      - conda: https://conda.anaconda.org/conda-forge/osx-arm64/opentofu-1.11.4-hce30654_0.conda
      - conda: https://prefix.dev/brads-forge/osx-arm64/task-3.47.0-he8ea13f_2.conda
      - conda: https://conda.anaconda.org/conda-forge/osx-arm64/terraform-1.14.3-h4e0460a_0.conda
      win-64:
      - conda: https://prefix.dev/brads-forge/win-64/cocogitto-6.5.0-h3c70cbc_2.conda
      - conda: https://prefix.dev/brads-forge/win-64/deno-2.6.6-h3c70cbc_4.conda
      - conda: https://prefix.dev/brads-forge/win-64/dprint-0.51.1-h3c70cbc_2.conda
      - conda: https://prefix.dev/brads-forge/win-64/lefthook-2.0.15-h3c70cbc_2.conda
      - conda: https://conda.anaconda.org/conda-forge/win-64/opentofu-1.11.4-h57928b3_0.conda
      - conda: https://prefix.dev/brads-forge/win-64/task-3.47.0-h3c70cbc_2.conda
      - conda: https://conda.anaconda.org/conda-forge/win-64/terraform-1.14.3-h36e2d1d_0.conda
      - conda: https://conda.anaconda.org/conda-forge/win-64/ucrt-10.0.26100.0-h57928b3_0.conda
      - conda: https://conda.anaconda.org/conda-forge/win-64/vc-14.3-h41ae7f8_34.conda
      - conda: https://conda.anaconda.org/conda-forge/win-64/vc14_runtime-14.44.35208-h818238b_34.conda
      - conda: https://conda.anaconda.org/conda-forge/win-64/vcomp14-14.44.35208-h818238b_34.conda
packages:
- conda: https://prefix.dev/brads-forge/linux-64/cocogitto-6.5.0-h81b34b9_2.conda
  sha256: fc4819a47c63c2ac5f11ec496cb5584fe56e03ed707edb5b1429fec91d9b2797
  license: MIT
  size: 2921856
  timestamp: 1762142471162
- conda: https://prefix.dev/brads-forge/osx-64/cocogitto-6.5.0-he0f4bc8_2.conda
  sha256: d58974ca50c6dac6ac18cf0dcf2cd6c6aa8144e960d65b86a830a5e2088bddde
  license: MIT
  size: 2603709
  timestamp: 1762142504235
- conda: https://prefix.dev/brads-forge/osx-arm64/cocogitto-6.5.0-he8ea13f_2.conda
  sha256: 750b01eb5844ea76b047fdb03751b988a4d4273e10500f3fd746ce3eea1a4471
  license: MIT
  size: 2450393
  timestamp: 1762142470901
- conda: https://prefix.dev/brads-forge/win-64/cocogitto-6.5.0-h3c70cbc_2.conda
  sha256: f2601cd8e187c6fdba02ac259f6db976e954a3e52036651ea488f124818b2576
  license: MIT
  size: 2704361
  timestamp: 1762142477794
- conda: https://prefix.dev/brads-forge/linux-64/deno-2.6.6-h81b34b9_4.conda
  sha256: f99006f2ade1d9622ffaebe950e3fa060bd78fbc5605c2778dffc720b3ad2ca1
  license: MIT
  size: 40502216
  timestamp: 1769142570322
- conda: https://prefix.dev/brads-forge/osx-64/deno-2.6.6-he0f4bc8_4.conda
  sha256: 8a00733d64e49b3c6a97b312fafabae1de81ab34bae4c5daee57aaa9606201f1
  license: MIT
  size: 38116759
  timestamp: 1769142634481
- conda: https://prefix.dev/brads-forge/osx-arm64/deno-2.6.6-he8ea13f_4.conda
  sha256: 8499c7380a6c0901a6be75cdf2a092c7b40f9fad0cfa128c855fea36676e8875
  license: MIT
  size: 36921770
  timestamp: 1769142617757
- conda: https://prefix.dev/brads-forge/win-64/deno-2.6.6-h3c70cbc_4.conda
  sha256: 04c802c29584203c4c43ba9e93b181588624a6e07dec5281531360c14beba96c
  license: MIT
  size: 40969919
  timestamp: 1769142570608
- conda: https://prefix.dev/brads-forge/linux-64/dprint-0.51.1-h81b34b9_2.conda
  sha256: 9824785b5e115943e19c3948f98c7d158627c29073131837cc4e82ae5893558c
  license: MIT
  size: 7379956
  timestamp: 1766982876005
- conda: https://prefix.dev/brads-forge/osx-64/dprint-0.51.1-he0f4bc8_2.conda
  sha256: 5ee33963e99f79390b1493e4eafa6703e5be997c6f816db2540954fcfcd1302a
  license: MIT
  size: 6981616
  timestamp: 1766982880742
- conda: https://prefix.dev/brads-forge/osx-arm64/dprint-0.51.1-he8ea13f_2.conda
  sha256: 19789316ce6a0cb5b7e885de6c268d2c556d6482ebc9f7b25d99945f788ea1ed
  license: MIT
  size: 6796957
  timestamp: 1766982879101
- conda: https://prefix.dev/brads-forge/win-64/dprint-0.51.1-h3c70cbc_2.conda
  sha256: 421e39154997dc2fe305be053883334c00e02ef45c3c66983fdea7d34fc3d902
  license: MIT
  size: 6710334
  timestamp: 1766982893001
- conda: https://prefix.dev/brads-forge/linux-64/lefthook-2.0.15-h81b34b9_2.conda
  sha256: 073f2064ecfaeff8de33677ea9aaa83d4c71d0266923712d88dce9efcd1c3bfb
  license: MIT
  size: 5464949
  timestamp: 1768365318393
- conda: https://prefix.dev/brads-forge/osx-64/lefthook-2.0.15-he0f4bc8_2.conda
  sha256: 4c5b4f99d2c929729623e63f5a6005a418d8547bda9d3111898415aac6a0e3fd
  license: MIT
  size: 5578066
  timestamp: 1768365255487
- conda: https://prefix.dev/brads-forge/osx-arm64/lefthook-2.0.15-he8ea13f_2.conda
  sha256: f3cc97ead2f64e6a4c706ecf8d352d2a36a8fa2d3dee5d89cbf582ac1eb53014
  license: MIT
  size: 5144749
  timestamp: 1768365252622
- conda: https://prefix.dev/brads-forge/win-64/lefthook-2.0.15-h3c70cbc_2.conda
  sha256: 929140bde898a9b1eb18ae2f8b38e379670cd1d7de5cd6ab777a6a1b88390dfa
  license: MIT
  size: 5620758
  timestamp: 1768365277374
- conda: https://conda.anaconda.org/conda-forge/linux-64/opentofu-1.11.4-ha770c72_0.conda
  sha256: 90530affa8548b02bd20df8c281d5f7b6c37ea117069dbd5aceb97a77576bb07
  md5: 5f4bc1cd45a83182359b1b0837caf5c9
  license: MPL-2.0
  license_family: MOZILLA
  size: 28098631
  timestamp: 1769084596554
- conda: https://conda.anaconda.org/conda-forge/osx-64/opentofu-1.11.4-h694c41f_0.conda
  sha256: ba7739b13d95e741d3315da61bce4d3b226b2cfeae85b31d9df757128f52e214
  md5: 0cdb908bdae23f8f4e0a3cd8a8419298
  constrains:
  - __osx>=10.12
  license: MPL-2.0
  license_family: MOZILLA
  size: 27189991
  timestamp: 1769084752589
- conda: https://conda.anaconda.org/conda-forge/osx-arm64/opentofu-1.11.4-hce30654_0.conda
  sha256: 53a2827b036d3b4b85faa667d5e9e1140d03f160a7d93516fe458093544243c0
  md5: 92279aaa60be9c8fe3338ff5473ad679
  license: MPL-2.0
  license_family: MOZILLA
  size: 25194243
  timestamp: 1769084631180
- conda: https://conda.anaconda.org/conda-forge/win-64/opentofu-1.11.4-h57928b3_0.conda
  sha256: 5f279e60ee93b96cc944b79ddc19fc6086de33bc4f93d681e5f386a3be8bcc11
  md5: 031b1d04913600483d345ccc9d094e86
  license: MPL-2.0
  license_family: MOZILLA
  size: 27199645
  timestamp: 1769084984817
- conda: https://prefix.dev/brads-forge/linux-64/task-3.47.0-h81b34b9_2.conda
  sha256: 5a14751552b2154ed787a95572b77a582bbc4e0a9be4ce673d6ae5597610c01e
  license: MIT
  size: 12978881
  timestamp: 1769315842197
- conda: https://prefix.dev/brads-forge/osx-64/task-3.47.0-he0f4bc8_2.conda
  sha256: 2e207222ffea08e84ff24d5d143c6282e68d3eaa64926bba75f0df3e35300178
  license: MIT
  size: 13377907
  timestamp: 1769315825114
- conda: https://prefix.dev/brads-forge/osx-arm64/task-3.47.0-he8ea13f_2.conda
  sha256: 6c65c9eb074667bea9e08d8247b97f7f151d9b83aa3b251ace691a044bc805d5
  license: MIT
  size: 12518806
  timestamp: 1769315821976
- conda: https://prefix.dev/brads-forge/win-64/task-3.47.0-h3c70cbc_2.conda
  sha256: ca8ea7e7f843afd3201f614b7ec1c9d79679cd72486b87e6d2d67a30e1a13c4e
  license: MIT
  size: 13364324
  timestamp: 1769315845254
- conda: https://conda.anaconda.org/conda-forge/linux-64/terraform-1.14.3-h76a2195_0.conda
  sha256: ef06936cff14a708e3fb4ab59d8fc10ede346af9dac61cb8792be2e0d562b7ae
  md5: e56624d2d7e0fd38dce71196d3e87ada
  depends:
  - __glibc >=2.17,<3.0.a0
  license: BUSL-1.1
  size: 23720785
  timestamp: 1765985069228
- conda: https://conda.anaconda.org/conda-forge/osx-64/terraform-1.14.3-hfb6d0b5_0.conda
  sha256: e6b1f4feb5bd02cd2f9ab9a07ba8a2c9b6fb12b74aa2aee473a292bd86132aa1
  md5: 287e5088a01b65370fb2ef05ced9b5b4
  depends:
  - __osx >=10.13
  constrains:
  - __osx>=10.12
  license: BUSL-1.1
  size: 22916968
  timestamp: 1765985742144
- conda: https://conda.anaconda.org/conda-forge/osx-arm64/terraform-1.14.3-h4e0460a_0.conda
  sha256: f07509f6ca8283f11c3c54f202df8c6bc8b5671b02325b9bcc5b31f56141b1ff
  md5: 20edc3037b3c7aec808efee8542bd51c
  depends:
  - __osx >=11.0
  license: BUSL-1.1
  size: 21065561
  timestamp: 1765985422872
- conda: https://conda.anaconda.org/conda-forge/win-64/terraform-1.14.3-h36e2d1d_0.conda
  sha256: 3ab91c59750dc3143e56f3a8951132211556eb4334ba1f818a7791a347e0d8db
  md5: 10f4fd6f442722cab116747f4cc93c4f
  depends:
  - ucrt >=10.0.20348.0
  - vc >=14.3,<15
  - vc14_runtime >=14.44.35208
  license: BUSL-1.1
  size: 22978682
  timestamp: 1765986008782
- conda: https://conda.anaconda.org/conda-forge/win-64/ucrt-10.0.26100.0-h57928b3_0.conda
  sha256: 3005729dce6f3d3f5ec91dfc49fc75a0095f9cd23bab49efb899657297ac91a5
  md5: 71b24316859acd00bdb8b38f5e2ce328
  constrains:
  - vc14_runtime >=14.29.30037
  - vs2015_runtime >=14.29.30037
  license: LicenseRef-MicrosoftWindowsSDK10
  size: 694692
  timestamp: 1756385147981
- conda: https://conda.anaconda.org/conda-forge/win-64/vc-14.3-h41ae7f8_34.conda
  sha256: 9dc40c2610a6e6727d635c62cced5ef30b7b30123f5ef67d6139e23d21744b3a
  md5: 1e610f2416b6acdd231c5f573d754a0f
  depends:
  - vc14_runtime >=14.44.35208
  track_features:
  - vc14
  license: BSD-3-Clause
  license_family: BSD
  size: 19356
  timestamp: 1767320221521
- conda: https://conda.anaconda.org/conda-forge/win-64/vc14_runtime-14.44.35208-h818238b_34.conda
  sha256: 02732f953292cce179de9b633e74928037fa3741eb5ef91c3f8bae4f761d32a5
  md5: 37eb311485d2d8b2c419449582046a42
  depends:
  - ucrt >=10.0.20348.0
  - vcomp14 14.44.35208 h818238b_34
  constrains:
  - vs2015_runtime 14.44.35208.* *_34
  license: LicenseRef-MicrosoftVisualCpp2015-2022Runtime
  license_family: Proprietary
  size: 683233
  timestamp: 1767320219644
- conda: https://conda.anaconda.org/conda-forge/win-64/vcomp14-14.44.35208-h818238b_34.conda
  sha256: 878d5d10318b119bd98ed3ed874bd467acbe21996e1d81597a1dbf8030ea0ce6
  md5: 242d9f25d2ae60c76b38a5e42858e51d
  depends:
  - ucrt >=10.0.20348.0
  constrains:
  - vs2015_runtime 14.44.35208.* *_34
  license: LicenseRef-MicrosoftVisualCpp2015-2022Runtime
  license_family: Proprietary
  size: 115235
  timestamp: 1767320173250
